
Microsoft Visual Studio Solution File, Format Version 12.00
# Visual Studio Version 17
VisualStudioVersion = 17.3.32901.215
MinimumVisualStudioVersion = 10.0.40219.1
Project("{FAE04EC0-301F-11D3-BF4B-00C04F79EFBC}") = "otokiralama", "otokiralama\otokiralama.csproj", "{521F04A6-AE0B-4AA2-A8F0-51237114390D}"
EndProject
Global
	GlobalSection(SolutionConfigurationPlatforms) = preSolution
		Debug|Any CPU = Debug|Any CPU
		Release|Any CPU = Release|Any CPU
	EndGlobalSection
	GlobalSection(ProjectConfigurationPlatforms) = postSolution
		{521F04A6-AE0B-4AA2-A8F0-51237114390D}.Debug|Any CPU.ActiveCfg = Debug|Any CPU
		{521F04A6-AE0B-4AA2-A8F0-51237114390D}.Debug|Any CPU.Build.0 = Debug|Any CPU
		{521F04A6-AE0B-4AA2-A8F0-51237114390D}.Release|Any CPU.ActiveCfg = Release|Any CPU
		{521F04A6-AE0B-4AA2-A8F0-51237114390D}.Release|Any CPU.Build.0 = Release|Any CPU
	EndGlobalSection
	GlobalSection(SolutionProperties) = preSolution
		HideSolutionNode = FALSE
	EndGlobalSection
	GlobalSection(ExtensibilityGlobals) = postSolution
		SolutionGuid = {4AB83324-0A4E-447C-9FF0-A26CA6EED2EF}
	EndGlobalSection
EndGlobal
